
Microsoft Visual Studio Solution File, Format Version 12.00
# Visual Studio Version 16
VisualStudioVersion = 16.0.29911.84
MinimumVisualStudioVersion = 10.0.40219.1
Project("{FAE04EC0-301F-11D3-BF4B-00C04F79EFBC}") = "Chapter3", "Chapter3\Chapter3.csproj", "{9017C68F-3BE5-4B02-A19A-083772AD05F8}"
EndProject
Project("{FAE04EC0-301F-11D3-BF4B-00C04F79EFBC}") = "Chapter4", "Chapter4\Chapter4.csproj", "{E3A16DD2-18B6-46E4-8DC7-783D24C3B433}"
EndProject
Project("{FAE04EC0-301F-11D3-BF4B-00C04F79EFBC}") = "Chapter5", "Chapter5\Chapter5.csproj", "{7FC47125-93C8-439D-9289-C181A4F207B9}"
EndProject
Project("{FAE04EC0-301F-11D3-BF4B-00C04F79EFBC}") = "Chapter6", "Chapter6\Chapter6.csproj", "{89728803-578A-4329-A275-8221FBBC2B89}"
EndProject
Project("{FAE04EC0-301F-11D3-BF4B-00C04F79EFBC}") = "Chapter7", "Chapter7\Chapter7.csproj", "{D766C470-F618-4F37-997D-F32BDE840635}"
EndProject
Global
	GlobalSection(SolutionConfigurationPlatforms) = preSolution
		Debug|Any CPU = Debug|Any CPU
		Release|Any CPU = Release|Any CPU
	EndGlobalSection
	GlobalSection(ProjectConfigurationPlatforms) = postSolution
		{9017C68F-3BE5-4B02-A19A-083772AD05F8}.Debug|Any CPU.ActiveCfg = Debug|Any CPU
		{9017C68F-3BE5-4B02-A19A-083772AD05F8}.Debug|Any CPU.Build.0 = Debug|Any CPU
		{9017C68F-3BE5-4B02-A19A-083772AD05F8}.Release|Any CPU.ActiveCfg = Release|Any CPU
		{9017C68F-3BE5-4B02-A19A-083772AD05F8}.Release|Any CPU.Build.0 = Release|Any CPU
		{E3A16DD2-18B6-46E4-8DC7-783D24C3B433}.Debug|Any CPU.ActiveCfg = Debug|Any CPU
		{E3A16DD2-18B6-46E4-8DC7-783D24C3B433}.Debug|Any CPU.Build.0 = Debug|Any CPU
		{E3A16DD2-18B6-46E4-8DC7-783D24C3B433}.Release|Any CPU.ActiveCfg = Release|Any CPU
		{E3A16DD2-18B6-46E4-8DC7-783D24C3B433}.Release|Any CPU.Build.0 = Release|Any CPU
		{7FC47125-93C8-439D-9289-C181A4F207B9}.Debug|Any CPU.ActiveCfg = Debug|Any CPU
		{7FC47125-93C8-439D-9289-C181A4F207B9}.Debug|Any CPU.Build.0 = Debug|Any CPU
		{7FC47125-93C8-439D-9289-C181A4F207B9}.Release|Any CPU.ActiveCfg = Release|Any CPU
		{7FC47125-93C8-439D-9289-C181A4F207B9}.Release|Any CPU.Build.0 = Release|Any CPU
		{89728803-578A-4329-A275-8221FBBC2B89}.Debug|Any CPU.ActiveCfg = Debug|Any CPU
		{89728803-578A-4329-A275-8221FBBC2B89}.Debug|Any CPU.Build.0 = Debug|Any CPU
		{89728803-578A-4329-A275-8221FBBC2B89}.Release|Any CPU.ActiveCfg = Release|Any CPU
		{89728803-578A-4329-A275-8221FBBC2B89}.Release|Any CPU.Build.0 = Release|Any CPU
		{D766C470-F618-4F37-997D-F32BDE840635}.Debug|Any CPU.ActiveCfg = Debug|Any CPU
		{D766C470-F618-4F37-997D-F32BDE840635}.Debug|Any CPU.Build.0 = Debug|Any CPU
		{D766C470-F618-4F37-997D-F32BDE840635}.Release|Any CPU.ActiveCfg = Release|Any CPU
		{D766C470-F618-4F37-997D-F32BDE840635}.Release|Any CPU.Build.0 = Release|Any CPU
	EndGlobalSection
	GlobalSection(SolutionProperties) = preSolution
		HideSolutionNode = FALSE
	EndGlobalSection
	GlobalSection(ExtensibilityGlobals) = postSolution
		SolutionGuid = {59EE87E9-CC60-4881-8B34-A9A1E49C3B98}
	EndGlobalSection
EndGlobal
